
Microsoft Visual Studio Solution File, Format Version 12.00
# Visual Studio Version 17
VisualStudioVersion = 17.0.32126.317
MinimumVisualStudioVersion = 10.0.40219.1
Project("{FAE04EC0-301F-11D3-BF4B-00C04F79EFBC}") = "GraficacionProyecto_U4", "GraficacionProyecto_U4\GraficacionProyecto_U4.csproj", "{261B2A66-DE90-4315-A3B1-F6C264BD7D46}"
EndProject
Global
	GlobalSection(SolutionConfigurationPlatforms) = preSolution
		Debug|Any CPU = Debug|Any CPU
		Release|Any CPU = Release|Any CPU
	EndGlobalSection
	GlobalSection(ProjectConfigurationPlatforms) = postSolution
		{261B2A66-DE90-4315-A3B1-F6C264BD7D46}.Debug|Any CPU.ActiveCfg = Debug|Any CPU
		{261B2A66-DE90-4315-A3B1-F6C264BD7D46}.Debug|Any CPU.Build.0 = Debug|Any CPU
		{261B2A66-DE90-4315-A3B1-F6C264BD7D46}.Release|Any CPU.ActiveCfg = Release|Any CPU
		{261B2A66-DE90-4315-A3B1-F6C264BD7D46}.Release|Any CPU.Build.0 = Release|Any CPU
	EndGlobalSection
	GlobalSection(SolutionProperties) = preSolution
		HideSolutionNode = FALSE
	EndGlobalSection
	GlobalSection(ExtensibilityGlobals) = postSolution
		SolutionGuid = {BF43B722-E7E3-4CEC-B74E-979E9125F70E}
	EndGlobalSection
EndGlobal
